// !$*UTF8*$!
{
	archiveVersion = 1;
	classes = {
	};
	objectVersion = 55;
	objects = {

/* Begin PBXBuildFile section */
		0345AB36272FB80D007B20F9 /* AppDelegate.swift in Sources */ = {isa = PBXBuildFile; fileRef = 0345AB35272FB80D007B20F9 /* AppDelegate.swift */; };
		0345AB38272FB80D007B20F9 /* SceneDelegate.swift in Sources */ = {isa = PBXBuildFile; fileRef = 0345AB37272FB80D007B20F9 /* SceneDelegate.swift */; };
		0345AB3D272FB80D007B20F9 /* Main.storyboard in Resources */ = {isa = PBXBuildFile; fileRef = 0345AB3B272FB80D007B20F9 /* Main.storyboard */; };
		0345AB3F272FB80F007B20F9 /* Assets.xcassets in Resources */ = {isa = PBXBuildFile; fileRef = 0345AB3E272FB80F007B20F9 /* Assets.xcassets */; };
		0345AB42272FB80F007B20F9 /* LaunchScreen.storyboard in Resources */ = {isa = PBXBuildFile; fileRef = 0345AB40272FB80F007B20F9 /* LaunchScreen.storyboard */; };
		0345AB59272FB84F007B20F9 /* SPChat.swift in Sources */ = {isa = PBXBuildFile; fileRef = 0345AB4A272FB84F007B20F9 /* SPChat.swift */; };
		0345AB5A272FB84F007B20F9 /* SPDMainViewController.swift in Sources */ = {isa = PBXBuildFile; fileRef = 0345AB4D272FB84F007B20F9 /* SPDMainViewController.swift */; };
		0345AB5B272FB84F007B20F9 /* SPDChatroomViewController.storyboard in Resources */ = {isa = PBXBuildFile; fileRef = 0345AB4F272FB84F007B20F9 /* SPDChatroomViewController.storyboard */; };
		0345AB5C272FB84F007B20F9 /* SPDChatroomViewController.swift in Sources */ = {isa = PBXBuildFile; fileRef = 0345AB50272FB84F007B20F9 /* SPDChatroomViewController.swift */; };
		0345AB5D272FB84F007B20F9 /* SPDMyStickerChatCell.swift in Sources */ = {isa = PBXBuildFile; fileRef = 0345AB52272FB84F007B20F9 /* SPDMyStickerChatCell.swift */; };
		0345AB5E272FB84F007B20F9 /* SPDCounterStickerChatCell.swift in Sources */ = {isa = PBXBuildFile; fileRef = 0345AB53272FB84F007B20F9 /* SPDCounterStickerChatCell.swift */; };
		0345AB5F272FB84F007B20F9 /* SPDChatroomNavigationTitleView.swift in Sources */ = {isa = PBXBuildFile; fileRef = 0345AB54272FB84F007B20F9 /* SPDChatroomNavigationTitleView.swift */; };
		0345AB60272FB84F007B20F9 /* SPDCounterTextChatCell.swift in Sources */ = {isa = PBXBuildFile; fileRef = 0345AB55272FB84F007B20F9 /* SPDCounterTextChatCell.swift */; };
		0345AB61272FB84F007B20F9 /* SPDChatroomHeaderCell.swift in Sources */ = {isa = PBXBuildFile; fileRef = 0345AB56272FB84F007B20F9 /* SPDChatroomHeaderCell.swift */; };
		0345AB62272FB84F007B20F9 /* SPDMyTextChatCell.swift in Sources */ = {isa = PBXBuildFile; fileRef = 0345AB57272FB84F007B20F9 /* SPDMyTextChatCell.swift */; };
		0345AB63272FB84F007B20F9 /* SPDCounterExecuteChatCell.swift in Sources */ = {isa = PBXBuildFile; fileRef = 0345AB58272FB84F007B20F9 /* SPDCounterExecuteChatCell.swift */; };
		23AC95732844A28700200E93 /* Stipop in Frameworks */ = {isa = PBXBuildFile; productRef = 23AC95722844A28700200E93 /* Stipop */; };
		5F0660C62851D9F10066FA77 /* Stipop.plist in Resources */ = {isa = PBXBuildFile; fileRef = 5F0660C52851D9F00066FA77 /* Stipop.plist */; };
/* End PBXBuildFile section */

/* Begin PBXFileReference section */
		0345AB32272FB80D007B20F9 /* StipopDemo.app */ = {isa = PBXFileReference; explicitFileType = wrapper.application; includeInIndex = 0; path = StipopDemo.app; sourceTree = BUILT_PRODUCTS_DIR; };
		0345AB35272FB80D007B20F9 /* AppDelegate.swift */ = {isa = PBXFileReference; lastKnownFileType = sourcecode.swift; path = AppDelegate.swift; sourceTree = "<group>"; };
		0345AB37272FB80D007B20F9 /* SceneDelegate.swift */ = {isa = PBXFileReference; lastKnownFileType = sourcecode.swift; path = SceneDelegate.swift; sourceTree = "<group>"; };
		0345AB3C272FB80D007B20F9 /* Base */ = {isa = PBXFileReference; lastKnownFileType = file.storyboard; name = Base; path = Base.lproj/Main.storyboard; sourceTree = "<group>"; };
		0345AB3E272FB80F007B20F9 /* Assets.xcassets */ = {isa = PBXFileReference; lastKnownFileType = folder.assetcatalog; path = Assets.xcassets; sourceTree = "<group>"; };
		0345AB41272FB80F007B20F9 /* Base */ = {isa = PBXFileReference; lastKnownFileType = file.storyboard; name = Base; path = Base.lproj/LaunchScreen.storyboard; sourceTree = "<group>"; };
		0345AB43272FB80F007B20F9 /* Info.plist */ = {isa = PBXFileReference; lastKnownFileType = text.plist.xml; path = Info.plist; sourceTree = "<group>"; };
		0345AB4A272FB84F007B20F9 /* SPChat.swift */ = {isa = PBXFileReference; fileEncoding = 4; lastKnownFileType = sourcecode.swift; path = SPChat.swift; sourceTree = "<group>"; };
		0345AB4D272FB84F007B20F9 /* SPDMainViewController.swift */ = {isa = PBXFileReference; fileEncoding = 4; lastKnownFileType = sourcecode.swift; path = SPDMainViewController.swift; sourceTree = "<group>"; };
		0345AB4F272FB84F007B20F9 /* SPDChatroomViewController.storyboard */ = {isa = PBXFileReference; fileEncoding = 4; lastKnownFileType = file.storyboard; path = SPDChatroomViewController.storyboard; sourceTree = "<group>"; };
		0345AB50272FB84F007B20F9 /* SPDChatroomViewController.swift */ = {isa = PBXFileReference; fileEncoding = 4; lastKnownFileType = sourcecode.swift; path = SPDChatroomViewController.swift; sourceTree = "<group>"; };
		0345AB52272FB84F007B20F9 /* SPDMyStickerChatCell.swift */ = {isa = PBXFileReference; fileEncoding = 4; lastKnownFileType = sourcecode.swift; path = SPDMyStickerChatCell.swift; sourceTree = "<group>"; };
		0345AB53272FB84F007B20F9 /* SPDCounterStickerChatCell.swift */ = {isa = PBXFileReference; fileEncoding = 4; lastKnownFileType = sourcecode.swift; path = SPDCounterStickerChatCell.swift; sourceTree = "<group>"; };
		0345AB54272FB84F007B20F9 /* SPDChatroomNavigationTitleView.swift */ = {isa = PBXFileReference; fileEncoding = 4; lastKnownFileType = sourcecode.swift; path = SPDChatroomNavigationTitleView.swift; sourceTree = "<group>"; };
		0345AB55272FB84F007B20F9 /* SPDCounterTextChatCell.swift */ = {isa = PBXFileReference; fileEncoding = 4; lastKnownFileType = sourcecode.swift; path = SPDCounterTextChatCell.swift; sourceTree = "<group>"; };
		0345AB56272FB84F007B20F9 /* SPDChatroomHeaderCell.swift */ = {isa = PBXFileReference; fileEncoding = 4; lastKnownFileType = sourcecode.swift; path = SPDChatroomHeaderCell.swift; sourceTree = "<group>"; };
		0345AB57272FB84F007B20F9 /* SPDMyTextChatCell.swift */ = {isa = PBXFileReference; fileEncoding = 4; lastKnownFileType = sourcecode.swift; path = SPDMyTextChatCell.swift; sourceTree = "<group>"; };
		0345AB58272FB84F007B20F9 /* SPDCounterExecuteChatCell.swift */ = {isa = PBXFileReference; fileEncoding = 4; lastKnownFileType = sourcecode.swift; path = SPDCounterExecuteChatCell.swift; sourceTree = "<group>"; };
		0358A21227585E5100299464 /* vi */ = {isa = PBXFileReference; lastKnownFileType = text.plist.strings; name = vi; path = vi.lproj/Main.strings; sourceTree = "<group>"; };
		0358A21327585E5200299464 /* vi */ = {isa = PBXFileReference; lastKnownFileType = text.plist.strings; name = vi; path = vi.lproj/LaunchScreen.strings; sourceTree = "<group>"; };
		039EBAC7276B177700015364 /* hi */ = {isa = PBXFileReference; lastKnownFileType = text.plist.strings; name = hi; path = hi.lproj/Main.strings; sourceTree = "<group>"; };
		039EBAC8276B177700015364 /* hi */ = {isa = PBXFileReference; lastKnownFileType = text.plist.strings; name = hi; path = hi.lproj/LaunchScreen.strings; sourceTree = "<group>"; };
		03C1CFDA2732487800C16DE6 /* ko */ = {isa = PBXFileReference; lastKnownFileType = text.plist.strings; name = ko; path = ko.lproj/Main.strings; sourceTree = "<group>"; };
		03C1CFDB2732487800C16DE6 /* ko */ = {isa = PBXFileReference; lastKnownFileType = text.plist.strings; name = ko; path = ko.lproj/LaunchScreen.strings; sourceTree = "<group>"; };
		03C1CFDC273248AB00C16DE6 /* zh-Hans */ = {isa = PBXFileReference; lastKnownFileType = text.plist.strings; name = "zh-Hans"; path = "zh-Hans.lproj/Main.strings"; sourceTree = "<group>"; };
		03C1CFDD273248AB00C16DE6 /* zh-Hans */ = {isa = PBXFileReference; lastKnownFileType = text.plist.strings; name = "zh-Hans"; path = "zh-Hans.lproj/LaunchScreen.strings"; sourceTree = "<group>"; };
		03C1CFDE273248B200C16DE6 /* zh-Hant */ = {isa = PBXFileReference; lastKnownFileType = text.plist.strings; name = "zh-Hant"; path = "zh-Hant.lproj/Main.strings"; sourceTree = "<group>"; };
		03C1CFDF273248B200C16DE6 /* zh-Hant */ = {isa = PBXFileReference; lastKnownFileType = text.plist.strings; name = "zh-Hant"; path = "zh-Hant.lproj/LaunchScreen.strings"; sourceTree = "<group>"; };
		03C1CFE0273248E500C16DE6 /* fr */ = {isa = PBXFileReference; lastKnownFileType = text.plist.strings; name = fr; path = fr.lproj/Main.strings; sourceTree = "<group>"; };
		03C1CFE1273248E500C16DE6 /* fr */ = {isa = PBXFileReference; lastKnownFileType = text.plist.strings; name = fr; path = fr.lproj/LaunchScreen.strings; sourceTree = "<group>"; };
		5F0660C52851D9F00066FA77 /* Stipop.plist */ = {isa = PBXFileReference; fileEncoding = 4; lastKnownFileType = text.plist.xml; path = Stipop.plist; sourceTree = "<group>"; };
/* End PBXFileReference section */

/* Begin PBXFrameworksBuildPhase section */
		0345AB2F272FB80D007B20F9 /* Frameworks */ = {
			isa = PBXFrameworksBuildPhase;
			buildActionMask = 2147483647;
			files = (
				23AC95732844A28700200E93 /* Stipop in Frameworks */,
			);
			runOnlyForDeploymentPostprocessing = 0;
		};
/* End PBXFrameworksBuildPhase section */

/* Begin PBXGroup section */
		0345AB29272FB80D007B20F9 = {
			isa = PBXGroup;
			children = (
				0345AB34272FB80D007B20F9 /* StipopDemo */,
				0345AB33272FB80D007B20F9 /* Products */,
			);
			sourceTree = "<group>";
		};
		0345AB33272FB80D007B20F9 /* Products */ = {
			isa = PBXGroup;
			children = (
				0345AB32272FB80D007B20F9 /* StipopDemo.app */,
			);
			name = Products;
			sourceTree = "<group>";
		};
		0345AB34272FB80D007B20F9 /* StipopDemo */ = {
			isa = PBXGroup;
			children = (
				0345AB35272FB80D007B20F9 /* AppDelegate.swift */,
				0345AB37272FB80D007B20F9 /* SceneDelegate.swift */,
				0345AB3B272FB80D007B20F9 /* Main.storyboard */,
				0345AB3E272FB80F007B20F9 /* Assets.xcassets */,
				0345AB40272FB80F007B20F9 /* LaunchScreen.storyboard */,
				0345AB49272FB84F007B20F9 /* Model */,
				0345AB4B272FB84F007B20F9 /* View */,
				0345AB43272FB80F007B20F9 /* Info.plist */,
				5F0660C52851D9F00066FA77 /* Stipop.plist */,
			);
			path = StipopDemo;
			sourceTree = "<group>";
		};
		0345AB49272FB84F007B20F9 /* Model */ = {
			isa = PBXGroup;
			children = (
				0345AB4A272FB84F007B20F9 /* SPChat.swift */,
			);
			path = Model;
			sourceTree = "<group>";
		};
		0345AB4B272FB84F007B20F9 /* View */ = {
			isa = PBXGroup;
			children = (
				0345AB4C272FB84F007B20F9 /* SPDMainViewController */,
				0345AB4E272FB84F007B20F9 /* SPDChatroomViewController */,
			);
			path = View;
			sourceTree = "<group>";
		};
		0345AB4C272FB84F007B20F9 /* SPDMainViewController */ = {
			isa = PBXGroup;
			children = (
				0345AB4D272FB84F007B20F9 /* SPDMainViewController.swift */,
			);
			path = SPDMainViewController;
			sourceTree = "<group>";
		};
		0345AB4E272FB84F007B20F9 /* SPDChatroomViewController */ = {
			isa = PBXGroup;
			children = (
				0345AB50272FB84F007B20F9 /* SPDChatroomViewController.swift */,
				0345AB4F272FB84F007B20F9 /* SPDChatroomViewController.storyboard */,
				0345AB51272FB84F007B20F9 /* Views */,
			);
			path = SPDChatroomViewController;
			sourceTree = "<group>";
		};
		0345AB51272FB84F007B20F9 /* Views */ = {
			isa = PBXGroup;
			children = (
				0345AB54272FB84F007B20F9 /* SPDChatroomNavigationTitleView.swift */,
				0345AB56272FB84F007B20F9 /* SPDChatroomHeaderCell.swift */,
				0345AB57272FB84F007B20F9 /* SPDMyTextChatCell.swift */,
				0345AB52272FB84F007B20F9 /* SPDMyStickerChatCell.swift */,
				0345AB55272FB84F007B20F9 /* SPDCounterTextChatCell.swift */,
				0345AB53272FB84F007B20F9 /* SPDCounterStickerChatCell.swift */,
				0345AB58272FB84F007B20F9 /* SPDCounterExecuteChatCell.swift */,
			);
			path = Views;
			sourceTree = "<group>";
		};
/* End PBXGroup section */

/* Begin PBXNativeTarget section */
		0345AB31272FB80D007B20F9 /* StipopDemo */ = {
			isa = PBXNativeTarget;
			buildConfigurationList = 0345AB46272FB80F007B20F9 /* Build configuration list for PBXNativeTarget "StipopDemo" */;
			buildPhases = (
				0345AB2E272FB80D007B20F9 /* Sources */,
				0345AB2F272FB80D007B20F9 /* Frameworks */,
				0345AB30272FB80D007B20F9 /* Resources */,
			);
			buildRules = (
			);
			dependencies = (
			);
			name = StipopDemo;
			packageProductDependencies = (
				23AC95722844A28700200E93 /* Stipop */,
			);
			productName = StipopDemo;
			productReference = 0345AB32272FB80D007B20F9 /* StipopDemo.app */;
			productType = "com.apple.product-type.application";
		};
/* End PBXNativeTarget section */

/* Begin PBXProject section */
		0345AB2A272FB80D007B20F9 /* Project object */ = {
			isa = PBXProject;
			attributes = {
				BuildIndependentTargetsInParallel = 1;
				LastSwiftUpdateCheck = 1310;
				LastUpgradeCheck = 1310;
				TargetAttributes = {
					0345AB31272FB80D007B20F9 = {
						CreatedOnToolsVersion = 13.1;
					};
				};
			};
			buildConfigurationList = 0345AB2D272FB80D007B20F9 /* Build configuration list for PBXProject "StipopDemo" */;
			compatibilityVersion = "Xcode 13.0";
			developmentRegion = en;
			hasScannedForEncodings = 0;
			knownRegions = (
				en,
				Base,
				ko,
				"zh-Hans",
				"zh-Hant",
				fr,
				vi,
				hi,
			);
			mainGroup = 0345AB29272FB80D007B20F9;
			packageReferences = (
				23AC95712844A28600200E93 /* XCRemoteSwiftPackageReference "stipop-ios-sdk" */,
			);
			productRefGroup = 0345AB33272FB80D007B20F9 /* Products */;
			projectDirPath = "";
			projectRoot = "";
			targets = (
				0345AB31272FB80D007B20F9 /* StipopDemo */,
			);
		};
/* End PBXProject section */

/* Begin PBXResourcesBuildPhase section */
		0345AB30272FB80D007B20F9 /* Resources */ = {
			isa = PBXResourcesBuildPhase;
			buildActionMask = 2147483647;
			files = (
				0345AB42272FB80F007B20F9 /* LaunchScreen.storyboard in Resources */,
				5F0660C62851D9F10066FA77 /* Stipop.plist in Resources */,
				0345AB3F272FB80F007B20F9 /* Assets.xcassets in Resources */,
				0345AB5B272FB84F007B20F9 /* SPDChatroomViewController.storyboard in Resources */,
				0345AB3D272FB80D007B20F9 /* Main.storyboard in Resources */,
			);
			runOnlyForDeploymentPostprocessing = 0;
		};
/* End PBXResourcesBuildPhase section */

/* Begin PBXSourcesBuildPhase section */
		0345AB2E272FB80D007B20F9 /* Sources */ = {
			isa = PBXSourcesBuildPhase;
			buildActionMask = 2147483647;
			files = (
				0345AB5C272FB84F007B20F9 /* SPDChatroomViewController.swift in Sources */,
				0345AB36272FB80D007B20F9 /* AppDelegate.swift in Sources */,
				0345AB59272FB84F007B20F9 /* SPChat.swift in Sources */,
				0345AB63272FB84F007B20F9 /* SPDCounterExecuteChatCell.swift in Sources */,
				0345AB38272FB80D007B20F9 /* SceneDelegate.swift in Sources */,
				0345AB60272FB84F007B20F9 /* SPDCounterTextChatCell.swift in Sources */,
				0345AB61272FB84F007B20F9 /* SPDChatroomHeaderCell.swift in Sources */,
				0345AB5F272FB84F007B20F9 /* SPDChatroomNavigationTitleView.swift in Sources */,
				0345AB62272FB84F007B20F9 /* SPDMyTextChatCell.swift in Sources */,
				0345AB5D272FB84F007B20F9 /* SPDMyStickerChatCell.swift in Sources */,
				0345AB5E272FB84F007B20F9 /* SPDCounterStickerChatCell.swift in Sources */,
				0345AB5A272FB84F007B20F9 /* SPDMainViewController.swift in Sources */,
			);
			runOnlyForDeploymentPostprocessing = 0;
		};
/* End PBXSourcesBuildPhase section */

/* Begin PBXVariantGroup section */
		0345AB3B272FB80D007B20F9 /* Main.storyboard */ = {
			isa = PBXVariantGroup;
			children = (
				0345AB3C272FB80D007B20F9 /* Base */,
				03C1CFDA2732487800C16DE6 /* ko */,
				03C1CFDC273248AB00C16DE6 /* zh-Hans */,
				03C1CFDE273248B200C16DE6 /* zh-Hant */,
				03C1CFE0273248E500C16DE6 /* fr */,
				0358A21227585E5100299464 /* vi */,
				039EBAC7276B177700015364 /* hi */,
			);
			name = Main.storyboard;
			sourceTree = "<group>";
		};
		0345AB40272FB80F007B20F9 /* LaunchScreen.storyboard */ = {
			isa = PBXVariantGroup;
			children = (
				0345AB41272FB80F007B20F9 /* Base */,
				03C1CFDB2732487800C16DE6 /* ko */,
				03C1CFDD273248AB00C16DE6 /* zh-Hans */,
				03C1CFDF273248B200C16DE6 /* zh-Hant */,
				03C1CFE1273248E500C16DE6 /* fr */,
				0358A21327585E5200299464 /* vi */,
				039EBAC8276B177700015364 /* hi */,
			);
			name = LaunchScreen.storyboard;
			sourceTree = "<group>";
		};
/* End PBXVariantGroup section */

/* Begin XCBuildConfiguration section */
		0345AB44272FB80F007B20F9 /* Debug */ = {
			isa = XCBuildConfiguration;
			buildSettings = {
				ALWAYS_SEARCH_USER_PATHS = NO;
				CLANG_ANALYZER_LOCALIZABILITY_NONLOCALIZED = YES;
				CLANG_ANALYZER_NONNULL = YES;
				CLANG_ANALYZER_NUMBER_OBJECT_CONVERSION = YES_AGGRESSIVE;
				CLANG_CXX_LANGUAGE_STANDARD = "gnu++17";
				CLANG_CXX_LIBRARY = "libc++";
				CLANG_ENABLE_MODULES = YES;
				CLANG_ENABLE_OBJC_ARC = YES;
				CLANG_ENABLE_OBJC_WEAK = YES;
				CLANG_WARN_BLOCK_CAPTURE_AUTORELEASING = YES;
				CLANG_WARN_BOOL_CONVERSION = YES;
				CLANG_WARN_COMMA = YES;
				CLANG_WARN_CONSTANT_CONVERSION = YES;
				CLANG_WARN_DEPRECATED_OBJC_IMPLEMENTATIONS = YES;
				CLANG_WARN_DIRECT_OBJC_ISA_USAGE = YES_ERROR;
				CLANG_WARN_DOCUMENTATION_COMMENTS = YES;
				CLANG_WARN_EMPTY_BODY = YES;
				CLANG_WARN_ENUM_CONVERSION = YES;
				CLANG_WARN_INFINITE_RECURSION = YES;
				CLANG_WARN_INT_CONVERSION = YES;
				CLANG_WARN_NON_LITERAL_NULL_CONVERSION = YES;
				CLANG_WARN_OBJC_IMPLICIT_RETAIN_SELF = YES;
				CLANG_WARN_OBJC_LITERAL_CONVERSION = YES;
				CLANG_WARN_OBJC_ROOT_CLASS = YES_ERROR;
				CLANG_WARN_QUOTED_INCLUDE_IN_FRAMEWORK_HEADER = YES;
				CLANG_WARN_RANGE_LOOP_ANALYSIS = YES;
				CLANG_WARN_STRICT_PROTOTYPES = YES;
				CLANG_WARN_SUSPICIOUS_MOVE = YES;
				CLANG_WARN_UNGUARDED_AVAILABILITY = YES_AGGRESSIVE;
				CLANG_WARN_UNREACHABLE_CODE = YES;
				CLANG_WARN__DUPLICATE_METHOD_MATCH = YES;
				COPY_PHASE_STRIP = NO;
				DEBUG_INFORMATION_FORMAT = dwarf;
				ENABLE_STRICT_OBJC_MSGSEND = YES;
				ENABLE_TESTABILITY = YES;
				GCC_C_LANGUAGE_STANDARD = gnu11;
				GCC_DYNAMIC_NO_PIC = NO;
				GCC_NO_COMMON_BLOCKS = YES;
				GCC_OPTIMIZATION_LEVEL = 0;
				GCC_PREPROCESSOR_DEFINITIONS = (
					"DEBUG=1",
					"$(inherited)",
				);
				GCC_WARN_64_TO_32_BIT_CONVERSION = YES;
				GCC_WARN_ABOUT_RETURN_TYPE = YES_ERROR;
				GCC_WARN_UNDECLARED_SELECTOR = YES;
				GCC_WARN_UNINITIALIZED_AUTOS = YES_AGGRESSIVE;
				GCC_WARN_UNUSED_FUNCTION = YES;
				GCC_WARN_UNUSED_VARIABLE = YES;
				IPHONEOS_DEPLOYMENT_TARGET = 15.0;
				MTL_ENABLE_DEBUG_INFO = INCLUDE_SOURCE;
				MTL_FAST_MATH = YES;
				ONLY_ACTIVE_ARCH = YES;
				SDKROOT = iphoneos;
				SWIFT_ACTIVE_COMPILATION_CONDITIONS = DEBUG;
				SWIFT_OPTIMIZATION_LEVEL = "-Onone";
			};
			name = Debug;
		};
		0345AB45272FB80F007B20F9 /* Release */ = {
			isa = XCBuildConfiguration;
			buildSettings = {
				ALWAYS_SEARCH_USER_PATHS = NO;
				CLANG_ANALYZER_LOCALIZABILITY_NONLOCALIZED = YES;
				CLANG_ANALYZER_NONNULL = YES;
				CLANG_ANALYZER_NUMBER_OBJECT_CONVERSION = YES_AGGRESSIVE;
				CLANG_CXX_LANGUAGE_STANDARD = "gnu++17";
				CLANG_CXX_LIBRARY = "libc++";
				CLANG_ENABLE_MODULES = YES;
				CLANG_ENABLE_OBJC_ARC = YES;
				CLANG_ENABLE_OBJC_WEAK = YES;
				CLANG_WARN_BLOCK_CAPTURE_AUTORELEASING = YES;
				CLANG_WARN_BOOL_CONVERSION = YES;
				CLANG_WARN_COMMA = YES;
				CLANG_WARN_CONSTANT_CONVERSION = YES;
				CLANG_WARN_DEPRECATED_OBJC_IMPLEMENTATIONS = YES;
				CLANG_WARN_DIRECT_OBJC_ISA_USAGE = YES_ERROR;
				CLANG_WARN_DOCUMENTATION_COMMENTS = YES;
				CLANG_WARN_EMPTY_BODY = YES;
				CLANG_WARN_ENUM_CONVERSION = YES;
				CLANG_WARN_INFINITE_RECURSION = YES;
				CLANG_WARN_INT_CONVERSION = YES;
				CLANG_WARN_NON_LITERAL_NULL_CONVERSION = YES;
				CLANG_WARN_OBJC_IMPLICIT_RETAIN_SELF = YES;
				CLANG_WARN_OBJC_LITERAL_CONVERSION = YES;
				CLANG_WARN_OBJC_ROOT_CLASS = YES_ERROR;
				CLANG_WARN_QUOTED_INCLUDE_IN_FRAMEWORK_HEADER = YES;
				CLANG_WARN_RANGE_LOOP_ANALYSIS = YES;
				CLANG_WARN_STRICT_PROTOTYPES = YES;
				CLANG_WARN_SUSPICIOUS_MOVE = YES;
				CLANG_WARN_UNGUARDED_AVAILABILITY = YES_AGGRESSIVE;
				CLANG_WARN_UNREACHABLE_CODE = YES;
				CLANG_WARN__DUPLICATE_METHOD_MATCH = YES;
				COPY_PHASE_STRIP = NO;
				DEBUG_INFORMATION_FORMAT = "dwarf-with-dsym";
				ENABLE_NS_ASSERTIONS = NO;
				ENABLE_STRICT_OBJC_MSGSEND = YES;
				GCC_C_LANGUAGE_STANDARD = gnu11;
				GCC_NO_COMMON_BLOCKS = YES;
				GCC_WARN_64_TO_32_BIT_CONVERSION = YES;
				GCC_WARN_ABOUT_RETURN_TYPE = YES_ERROR;
				GCC_WARN_UNDECLARED_SELECTOR = YES;
				GCC_WARN_UNINITIALIZED_AUTOS = YES_AGGRESSIVE;
				GCC_WARN_UNUSED_FUNCTION = YES;
				GCC_WARN_UNUSED_VARIABLE = YES;
				IPHONEOS_DEPLOYMENT_TARGET = 15.0;
				MTL_ENABLE_DEBUG_INFO = NO;
				MTL_FAST_MATH = YES;
				SDKROOT = iphoneos;
				SWIFT_COMPILATION_MODE = wholemodule;
				SWIFT_OPTIMIZATION_LEVEL = "-O";
				VALIDATE_PRODUCT = YES;
			};
			name = Release;
		};
		0345AB47272FB80F007B20F9 /* Debug */ = {
			isa = XCBuildConfiguration;
			buildSettings = {
				ASSETCATALOG_COMPILER_APPICON_NAME = AppIcon;
				ASSETCATALOG_COMPILER_GLOBAL_ACCENT_COLOR_NAME = AccentColor;
				CODE_SIGN_STYLE = Automatic;
				CURRENT_PROJECT_VERSION = 1;
				DEVELOPMENT_TEAM = "";
				GENERATE_INFOPLIST_FILE = YES;
				INFOPLIST_FILE = StipopDemo/Info.plist;
				INFOPLIST_KEY_CFBundleDisplayName = "Stipop SDK Demo";
				INFOPLIST_KEY_UIApplicationSupportsIndirectInputEvents = YES;
				INFOPLIST_KEY_UILaunchStoryboardName = LaunchScreen;
				INFOPLIST_KEY_UIMainStoryboardFile = Main;
				INFOPLIST_KEY_UISupportedInterfaceOrientations_iPad = "UIInterfaceOrientationPortrait UIInterfaceOrientationPortraitUpsideDown UIInterfaceOrientationLandscapeLeft UIInterfaceOrientationLandscapeRight";
				INFOPLIST_KEY_UISupportedInterfaceOrientations_iPhone = "UIInterfaceOrientationPortrait UIInterfaceOrientationLandscapeLeft UIInterfaceOrientationLandscapeRight";
				LD_RUNPATH_SEARCH_PATHS = (
					"$(inherited)",
					"@executable_path/Frameworks",
				);
				MARKETING_VERSION = 1.0;
				PRODUCT_BUNDLE_IDENTIFIER = "com.stipop.ios-sdk.StipopDemo";
				PRODUCT_NAME = "$(TARGET_NAME)";
				SWIFT_EMIT_LOC_STRINGS = YES;
				SWIFT_VERSION = 5.0;
				TARGETED_DEVICE_FAMILY = "1,2";
			};
			name = Debug;
		};
		0345AB48272FB80F007B20F9 /* Release */ = {
			isa = XCBuildConfiguration;
			buildSettings = {
				ASSETCATALOG_COMPILER_APPICON_NAME = AppIcon;
				ASSETCATALOG_COMPILER_GLOBAL_ACCENT_COLOR_NAME = AccentColor;
				CODE_SIGN_STYLE = Automatic;
				CURRENT_PROJECT_VERSION = 1;
				DEVELOPMENT_TEAM = "";
				GENERATE_INFOPLIST_FILE = YES;
				INFOPLIST_FILE = StipopDemo/Info.plist;
				INFOPLIST_KEY_CFBundleDisplayName = "Stipop SDK Demo";
				INFOPLIST_KEY_UIApplicationSupportsIndirectInputEvents = YES;
				INFOPLIST_KEY_UILaunchStoryboardName = LaunchScreen;
				INFOPLIST_KEY_UIMainStoryboardFile = Main;
				INFOPLIST_KEY_UISupportedInterfaceOrientations_iPad = "UIInterfaceOrientationPortrait UIInterfaceOrientationPortraitUpsideDown UIInterfaceOrientationLandscapeLeft UIInterfaceOrientationLandscapeRight";
				INFOPLIST_KEY_UISupportedInterfaceOrientations_iPhone = "UIInterfaceOrientationPortrait UIInterfaceOrientationLandscapeLeft UIInterfaceOrientationLandscapeRight";
				LD_RUNPATH_SEARCH_PATHS = (
					"$(inherited)",
					"@executable_path/Frameworks",
				);
				MARKETING_VERSION = 1.0;
				PRODUCT_BUNDLE_IDENTIFIER = "com.stipop.ios-sdk.StipopDemo";
				PRODUCT_NAME = "$(TARGET_NAME)";
				SWIFT_EMIT_LOC_STRINGS = YES;
				SWIFT_VERSION = 5.0;
				TARGETED_DEVICE_FAMILY = "1,2";
			};
			name = Release;
		};
/* End XCBuildConfiguration section */

/* Begin XCConfigurationList section */
		0345AB2D272FB80D007B20F9 /* Build configuration list for PBXProject "StipopDemo" */ = {
			isa = XCConfigurationList;
			buildConfigurations = (
				0345AB44272FB80F007B20F9 /* Debug */,
				0345AB45272FB80F007B20F9 /* Release */,
			);
			defaultConfigurationIsVisible = 0;
			defaultConfigurationName = Release;
		};
		0345AB46272FB80F007B20F9 /* Build configuration list for PBXNativeTarget "StipopDemo" */ = {
			isa = XCConfigurationList;
			buildConfigurations = (
				0345AB47272FB80F007B20F9 /* Debug */,
				0345AB48272FB80F007B20F9 /* Release */,
			);
			defaultConfigurationIsVisible = 0;
			defaultConfigurationName = Release;
		};
/* End XCConfigurationList section */

/* Begin XCRemoteSwiftPackageReference section */
		23AC95712844A28600200E93 /* XCRemoteSwiftPackageReference "stipop-ios-sdk" */ = {
			isa = XCRemoteSwiftPackageReference;
			repositoryURL = "https://github.com/stipop-development/stipop-ios-sdk.git";
			requirement = {
				branch = main;
				kind = branch;
			};
		};
/* End XCRemoteSwiftPackageReference section */

/* Begin XCSwiftPackageProductDependency section */
		23AC95722844A28700200E93 /* Stipop */ = {
			isa = XCSwiftPackageProductDependency;
			package = 23AC95712844A28600200E93 /* XCRemoteSwiftPackageReference "stipop-ios-sdk" */;
			productName = Stipop;
		};
/* End XCSwiftPackageProductDependency section */
	};
	rootObject = 0345AB2A272FB80D007B20F9 /* Project object */;
}
